# THIS IS AN AUTOGENERATED FILE. DO NOT EDIT THIS FILE DIRECTLY.
# yarn lockfile v1


"@types/node@*":
  version "17.0.14"
  resolved "https://registry.yarnpkg.com/@types/node/-/node-17.0.14.tgz#33b9b94f789a8fedd30a68efdbca4dbb06b61f20"
  integrity sha512-SbjLmERksKOGzWzPNuW7fJM7fk3YXVTFiZWB/Hs99gwhk+/dnrQRPBQjPW9aO+fi1tAffi9PrwFvsmOKmDTyng==

"@types/phoenix@^1.5.4":
  version "1.5.4"
  resolved "https://registry.yarnpkg.com/@types/phoenix/-/phoenix-1.5.4.tgz#c08a1da6d7b4e365f6a1fe1ff9aada55f5356d24"
  integrity sha512-L5eZmzw89eXBKkiqVBcJfU1QGx9y+wurRIEgt0cuLH0hwNtVUxtx+6cu0R2STwWj468sjXyBYPYDtGclUd1kjQ==

"@types/pug@^2.0.4":
  version "2.0.6"
  resolved "https://registry.yarnpkg.com/@types/pug/-/pug-2.0.6.tgz#f830323c88172e66826d0bde413498b61054b5a6"
  integrity sha512-SnHmG9wN1UVmagJOnyo/qkk0Z7gejYxOYYmaAwr5u2yFYfsupN3sg10kyzN8Hep/2zbHxCnsumxOoRIRMBwKCg==

"@types/sass@^1.16.0":
  version "1.43.1"
  resolved "https://registry.yarnpkg.com/@types/sass/-/sass-1.43.1.tgz#86bb0168e9e881d7dade6eba16c9ed6d25dc2f68"
  integrity sha512-BPdoIt1lfJ6B7rw35ncdwBZrAssjcwzI5LByIrYs+tpXlj/CAkuVdRsgZDdP4lq5EjyWzwxZCqAoFyHKFwp32g==
  dependencies:
    "@types/node" "*"

balanced-match@^1.0.0:
  version "1.0.2"
  resolved "https://registry.yarnpkg.com/balanced-match/-/balanced-match-1.0.2.tgz#e83e3a7e3f300b34cb9d87f615fa0cbf357690ee"
  integrity sha512-3oSeUO0TMV67hN1AmbXsK4yaqU7tjiHlbxRDZOpH0KW9+CeX4bRAaX0Anxt0tx2MrpRpWwQaPwIlISEJhYU5Pw==

brace-expansion@^1.1.7:
  version "1.1.11"
  resolved "https://registry.yarnpkg.com/brace-expansion/-/brace-expansion-1.1.11.tgz#3c7fcbf529d87226f3d2f52b966ff5271eb441dd"
  integrity sha512-iCuPHDFgrHX7H2vEI/5xpz07zSHB00TpugqhmYtVmMO6518mCuRMoOYFldEBl0g187ufozdaHgWKcYFb61qGiA==
  dependencies:
    balanced-match "^1.0.0"
    concat-map "0.0.1"

buffer-crc32@^0.2.5:
  version "0.2.13"
  resolved "https://registry.yarnpkg.com/buffer-crc32/-/buffer-crc32-0.2.13.tgz#0d333e3f00eac50aa1454abd30ef8c2a5d9a7242"
  integrity sha1-DTM+PwDqxQqhRUq9MO+MKl2ackI=

concat-map@0.0.1:
  version "0.0.1"
  resolved "https://registry.yarnpkg.com/concat-map/-/concat-map-0.0.1.tgz#d8a96bd77fd68df7793a73036a3ba0d5405d477b"
  integrity sha1-2Klr13/Wjfd5OnMDajug1UBdR3s=

detect-indent@^6.0.0:
  version "6.1.0"
  resolved "https://registry.yarnpkg.com/detect-indent/-/detect-indent-6.1.0.tgz#592485ebbbf6b3b1ab2be175c8393d04ca0d57e6"
  integrity sha512-reYkTUJAZb9gUuZ2RvVCNhVHdg62RHnJ7WJl8ftMi4diZ6NWlciOzQN88pUhSELEwflJht4oQDv0F0BMlwaYtA==

es6-promise@^3.1.2:
  version "3.3.1"
  resolved "https://registry.yarnpkg.com/es6-promise/-/es6-promise-3.3.1.tgz#a08cdde84ccdbf34d027a1451bc91d4bcd28a613"
  integrity sha1-oIzd6EzNvzTQJ6FFG8kdS80ophM=

esbuild-android-arm64@0.14.17:
  version "0.14.17"
  resolved "https://registry.yarnpkg.com/esbuild-android-arm64/-/esbuild-android-arm64-0.14.17.tgz#7216810cb8d5b8cd03ce70bdc241dcdd90c34755"
  integrity sha512-y7EJm8ADC9qKbo/dJ2zBXwNdIILJ76tTv7JDGvOkbLT8HJXIsgbpa0NJk7iFhyvP4GpsYvXTbvEQNn0DhyBhLA==

esbuild-darwin-64@0.14.17:
  version "0.14.17"
  resolved "https://registry.yarnpkg.com/esbuild-darwin-64/-/esbuild-darwin-64-0.14.17.tgz#1419e020f41814f8a74ce92b2dcab29a6d47e510"
  integrity sha512-V2JAP8yyVbW6qR4SVXsEDqRicYM0x5niUuB05IFiE5itPI45k8j2dA2l+DtirR2SGXr+LEqgX347+2VA6eyTiA==

esbuild-darwin-arm64@0.14.17:
  version "0.14.17"
  resolved "https://registry.yarnpkg.com/esbuild-darwin-arm64/-/esbuild-darwin-arm64-0.14.17.tgz#95acf1022066d48346a63ffc5e4d36a07b83c9b0"
  integrity sha512-ENkSKpjF4SImyA2TdHhKiZqtYc1DkMykICe1KSBw0YNF1sentjFI6wu+CRiYMpC7REf/3TQXoems2XPqIqDMlQ==

esbuild-freebsd-64@0.14.17:
  version "0.14.17"
  resolved "https://registry.yarnpkg.com/esbuild-freebsd-64/-/esbuild-freebsd-64-0.14.17.tgz#a3455199862110854937b05a0eecbed3e1aeec41"
  integrity sha512-2i0nTNJM8ftNTvtR00vdqkru8XpHwAbkR2MBLoK2IDSzjsLStwCj+mxf6v83eVM9Abe3QA8xP+irqOdBlwDQ2g==

esbuild-freebsd-arm64@0.14.17:
  version "0.14.17"
  resolved "https://registry.yarnpkg.com/esbuild-freebsd-arm64/-/esbuild-freebsd-arm64-0.14.17.tgz#8a70f2a36f5b0da7d2efdd6fd02aa78611007fd0"
  integrity sha512-QOmRi1n+uly2G7BbMbHb86YiFA5aM7B2T96A6OF1VG57LNwXwy8LPVM0PVjl7f9cV3pE3fy3VtXPJHJo8XggTA==

esbuild-linux-32@0.14.17:
  version "0.14.17"
  resolved "https://registry.yarnpkg.com/esbuild-linux-32/-/esbuild-linux-32-0.14.17.tgz#b7123f6e4780687e017454604d909fbe558862e9"
  integrity sha512-qG5NDk7FHHUVw01rjHESON0HvigF2X80b645TUlgTKsWRlrbzzHhMCmQguA01O5PiCimKnyoxti8aJIFNHpQnQ==

esbuild-linux-64@0.14.17:
  version "0.14.17"
  resolved "https://registry.yarnpkg.com/esbuild-linux-64/-/esbuild-linux-64-0.14.17.tgz#47a6b510c2f7faef595a4d6257a629e65385fdc3"
  integrity sha512-De8OcmNvfNyFfQRLWbfuZqau6NpYBJxNTLP7Ls/PqQcw0HAwfaYThutY8ozHpPbKFPa7wgqabXlIC4NVSWT0/A==

esbuild-linux-arm64@0.14.17:
  version "0.14.17"
  resolved "https://registry.yarnpkg.com/esbuild-linux-arm64/-/esbuild-linux-arm64-0.14.17.tgz#dfd9022b7215ca660d464fcb20597b88887c7e64"
  integrity sha512-WDEOD/YRA4J1lxhETKZff3gRxGYqqZEiVwIOqNfvCh2YcwWU2y6UmNGZsxcuKk18wot4dAXCXQyNZgBkVUTCLw==

esbuild-linux-arm@0.14.17:
  version "0.14.17"
  resolved "https://registry.yarnpkg.com/esbuild-linux-arm/-/esbuild-linux-arm-0.14.17.tgz#e6f6bb9fe52def5260d7d49b790fbec0e7c6d9cb"
  integrity sha512-ZwsgFUk3gR2pEMJdh5z4Ds18fvGETgElPqmNdx1NtZTCOVlFMAwFB5u/tOR2FrXbMFv+LkGnNxPDh48PYPDz9A==

esbuild-linux-mips64le@0.14.17:
  version "0.14.17"
  resolved "https://registry.yarnpkg.com/esbuild-linux-mips64le/-/esbuild-linux-mips64le-0.14.17.tgz#bceaad33ff18a822b6da0396c6497a231397b6c3"
  integrity sha512-Lf4X9NB7r6imzp/11TaGs4kWL0DUn1JxI9gAAKotnKh6T8Y/0sLvZSvQS8WvSZcr0V8RRCrRZwiQqjOALUU/9g==

esbuild-linux-ppc64le@0.14.17:
  version "0.14.17"
  resolved "https://registry.yarnpkg.com/esbuild-linux-ppc64le/-/esbuild-linux-ppc64le-0.14.17.tgz#9562f094d1e5e6c3b61b776b15a9bbd657042654"
  integrity sha512-aExhxbrK7/Mh9FArdiC9MbvrQz2bGCDI8cBALKJbmhKg0h7LNt6y1E1S9GGBZ/ZXkHDvV9FFVrXXZKFVU5Qpiw==

esbuild-linux-s390x@0.14.17:
  version "0.14.17"
  resolved "https://registry.yarnpkg.com/esbuild-linux-s390x/-/esbuild-linux-s390x-0.14.17.tgz#2963cfe62c227bbf1da64e36d4ca0b23db8008fe"
  integrity sha512-b0T20rNcS7POi5YLw5dFlsiC+riobR5IfppQGn5NWer6QiIkdL1vOx9eC9CUD3z1itpkLboRAZYieZfKfhCA2Q==

esbuild-netbsd-64@0.14.17:
  version "0.14.17"
  resolved "https://registry.yarnpkg.com/esbuild-netbsd-64/-/esbuild-netbsd-64-0.14.17.tgz#1d156023f9ae6be79b8627ab0cda2d7feb7f3a48"
  integrity sha512-pFgTaAa2JF18nqNfCND9wOu1jbZ/mbDSaMxUp5fTkLlofyHhXeb5aChgXUkeipty2Pgq0OwOnxjHmiAxMI7N4g==

esbuild-openbsd-64@0.14.17:
  version "0.14.17"
  resolved "https://registry.yarnpkg.com/esbuild-openbsd-64/-/esbuild-openbsd-64-0.14.17.tgz#3fc44102c9b65375385112f4ce5899ae5e38f349"
  integrity sha512-K5+plb6gsAfBcFqB0EG4KvLbgBKslVAfEyJggicwt/QoDwQGJAzao4M6zOA4PG7LlXOwWSqv7VmSFbH+b6DyKw==

esbuild-sunos-64@0.14.17:
  version "0.14.17"
  resolved "https://registry.yarnpkg.com/esbuild-sunos-64/-/esbuild-sunos-64-0.14.17.tgz#5bd24e7a7e863ea89d7e4eafd5364a155c9ea507"
  integrity sha512-o1FINkbHRi9JB1YteOSXZdkDOmVUbmnCxRmTLkHvk8pfCFNpv/5/7ktt95teYKbEiJna2dEt3M4ckJ/+UVnW+w==

esbuild-svelte@^0.6.2:
  version "0.6.2"
  resolved "https://registry.yarnpkg.com/esbuild-svelte/-/esbuild-svelte-0.6.2.tgz#e3c0c45e032b9565ef5e61dd1e57195c29bb6a48"
  integrity sha512-FRHcyaQqIm4ncFsbk97b+80fHAI0VA15Ty56zOai9zpOPOQ1kgqWJt7JYn0jNGm+1VSvJNaGUj8QB85H/P43jA==
  dependencies:
    svelte "^3.46.2"

esbuild-windows-32@0.14.17:
  version "0.14.17"
  resolved "https://registry.yarnpkg.com/esbuild-windows-32/-/esbuild-windows-32-0.14.17.tgz#8bda31c550fb6b425707114141d2c6ba034dab9b"
  integrity sha512-Qutilz0I7OADWBtWrC/FD+2O/TNAkhwbZ+wIns7kF87lxIMtmqpBt3KnMk1e4F47aTrZRr0oH55Zhztd7m2PAA==

esbuild-windows-64@0.14.17:
  version "0.14.17"
  resolved "https://registry.yarnpkg.com/esbuild-windows-64/-/esbuild-windows-64-0.14.17.tgz#50b42c06908d3ce9fab8f0f9673199de5d0f9cbc"
  integrity sha512-b21/oRV+PHrav0HkRpKjbM2yNRVe34gAfbdMppbZFea416wa8SrjcmVfSd7n4jgqoTQG0xe+MGgOpwXtjiB3DQ==

esbuild-windows-arm64@0.14.17:
  version "0.14.17"
  resolved "https://registry.yarnpkg.com/esbuild-windows-arm64/-/esbuild-windows-arm64-0.14.17.tgz#62d3921a810b64a03fcace76dad4db51d2128b45"
  integrity sha512-4HN9E1idllewYvptcrrdfTA6DIWgg11kK0Zrv6yjxstJZLJeKxfilGBEaksLGs4Pst2rAYMx3H2vbYq7AWLQNA==

esbuild@^0.14.17:
  version "0.14.17"
  resolved "https://registry.yarnpkg.com/esbuild/-/esbuild-0.14.17.tgz#6a634e56447aa0e90b34c42091d472d802d399e5"
  integrity sha512-JLgyC6Uv31mv9T9Mm2xF1LntUMCNBSzvg2n32d8cTKZMwFr1wmMFY2FkVum98TSoEsDff0cR+Aj49H2sbBcjKQ==
  optionalDependencies:
    esbuild-android-arm64 "0.14.17"
    esbuild-darwin-64 "0.14.17"
    esbuild-darwin-arm64 "0.14.17"
    esbuild-freebsd-64 "0.14.17"
    esbuild-freebsd-arm64 "0.14.17"
    esbuild-linux-32 "0.14.17"
    esbuild-linux-64 "0.14.17"
    esbuild-linux-arm "0.14.17"
    esbuild-linux-arm64 "0.14.17"
    esbuild-linux-mips64le "0.14.17"
    esbuild-linux-ppc64le "0.14.17"
    esbuild-linux-s390x "0.14.17"
    esbuild-netbsd-64 "0.14.17"
    esbuild-openbsd-64 "0.14.17"
    esbuild-sunos-64 "0.14.17"
    esbuild-windows-32 "0.14.17"
    esbuild-windows-64 "0.14.17"
    esbuild-windows-arm64 "0.14.17"

fs.realpath@^1.0.0:
  version "1.0.0"
  resolved "https://registry.yarnpkg.com/fs.realpath/-/fs.realpath-1.0.0.tgz#1504ad2523158caa40db4a2787cb01411994ea4f"
  integrity sha1-FQStJSMVjKpA20onh8sBQRmU6k8=

glob@^7.1.3:
  version "7.2.0"
  resolved "https://registry.yarnpkg.com/glob/-/glob-7.2.0.tgz#d15535af7732e02e948f4c41628bd910293f6023"
  integrity sha512-lmLf6gtyrPq8tTjSmrO94wBeQbFR3HbLHbuyD69wuyQkImp2hWqMGB47OX65FBkPffO641IP9jWa1z4ivqG26Q==
  dependencies:
    fs.realpath "^1.0.0"
    inflight "^1.0.4"
    inherits "2"
    minimatch "^3.0.4"
    once "^1.3.0"
    path-is-absolute "^1.0.0"

graceful-fs@^4.1.3:
  version "4.2.9"
  resolved "https://registry.yarnpkg.com/graceful-fs/-/graceful-fs-4.2.9.tgz#041b05df45755e587a24942279b9d113146e1c96"
  integrity sha512-NtNxqUcXgpW2iMrfqSfR73Glt39K+BLwWsPs94yR63v45T0Wbej7eRmL5cWfwEgqXnmjQp3zaJTshdRW/qC2ZQ==

inflight@^1.0.4:
  version "1.0.6"
  resolved "https://registry.yarnpkg.com/inflight/-/inflight-1.0.6.tgz#49bd6331d7d02d0c09bc910a1075ba8165b56df9"
  integrity sha1-Sb1jMdfQLQwJvJEKEHW6gWW1bfk=
  dependencies:
    once "^1.3.0"
    wrappy "1"

inherits@2:
  version "2.0.4"
  resolved "https://registry.yarnpkg.com/inherits/-/inherits-2.0.4.tgz#0fa2c64f932917c3433a0ded55363aae37416b7c"
  integrity sha512-k/vGaX4/Yla3WzyMCvTQOXYeIHvqOKtnqBduzTHpzpQZzAskKMhZ2K+EnBiSM9zGSoIFeMpXKxa4dYeZIQqewQ==

magic-string@^0.25.7:
  version "0.25.7"
  resolved "https://registry.yarnpkg.com/magic-string/-/magic-string-0.25.7.tgz#3f497d6fd34c669c6798dcb821f2ef31f5445051"
  integrity sha512-4CrMT5DOHTDk4HYDlzmwu4FVCcIYI8gauveasrdCu2IKIFOJ3f0v/8MDGJCDL9oD2ppz/Av1b0Nj345H9M+XIA==
  dependencies:
    sourcemap-codec "^1.4.4"

min-indent@^1.0.0:
  version "1.0.1"
  resolved "https://registry.yarnpkg.com/min-indent/-/min-indent-1.0.1.tgz#a63f681673b30571fbe8bc25686ae746eefa9869"
  integrity sha512-I9jwMn07Sy/IwOj3zVkVik2JTvgpaykDZEigL6Rx6N9LbMywwUSMtxET+7lVoDLLd3O3IXwJwvuuns8UB/HeAg==

minimatch@^3.0.4:
  version "3.0.4"
  resolved "https://registry.yarnpkg.com/minimatch/-/minimatch-3.0.4.tgz#5166e286457f03306064be5497e8dbb0c3d32083"
  integrity sha512-yJHVQEhyqPLUTgt9B83PXu6W3rx4MvvHvSUvToogpwoGDOUQ+yDrR0HRot+yOCdCO7u4hX3pWft6kWBBcqh0UA==
  dependencies:
    brace-expansion "^1.1.7"

minimist@^1.2.0, minimist@^1.2.5:
  version "1.2.5"
  resolved "https://registry.yarnpkg.com/minimist/-/minimist-1.2.5.tgz#67d66014b66a6a8aaa0c083c5fd58df4e4e97602"
  integrity sha512-FM9nNUYrRBAELZQT3xeZQ7fmMOBg6nWNmJKTcgsJeaLstP/UODVpGsr5OhXhhXg6f+qtJ8uiZ+PUxkDWcgIXLw==

mkdirp@^0.5.1:
  version "0.5.5"
  resolved "https://registry.yarnpkg.com/mkdirp/-/mkdirp-0.5.5.tgz#d91cefd62d1436ca0f41620e251288d420099def"
  integrity sha512-NKmAlESf6jMGym1++R0Ra7wvhV+wFW63FaSOFPwRahvea0gMUcGUhVeAg/0BC0wiv9ih5NYPB1Wn1UEI1/L+xQ==
  dependencies:
    minimist "^1.2.5"

once@^1.3.0:
  version "1.4.0"
  resolved "https://registry.yarnpkg.com/once/-/once-1.4.0.tgz#583b1aa775961d4b113ac17d9c50baef9dd76bd1"
  integrity sha1-WDsap3WWHUsROsF9nFC6753Xa9E=
  dependencies:
    wrappy "1"

path-is-absolute@^1.0.0:
  version "1.0.1"
  resolved "https://registry.yarnpkg.com/path-is-absolute/-/path-is-absolute-1.0.1.tgz#174b9268735534ffbc7ace6bf53a5a9e1b5c5f5f"
  integrity sha1-F0uSaHNVNP+8es5r9TpanhtcX18=

phoenix@../deps/phoenix:
  version "1.6.6"

phoenix_html@../deps/phoenix_html:
  version "3.2.0"

phoenix_live_view@../deps/phoenix_live_view:
  version "0.17.6"

rimraf@^2.5.2:
  version "2.7.1"
  resolved "https://registry.yarnpkg.com/rimraf/-/rimraf-2.7.1.tgz#35797f13a7fdadc566142c29d4f07ccad483e3ec"
  integrity sha512-uWjbaKIK3T1OSVptzX7Nl6PvQ3qAGtKEtVRjRuazjfL3Bx5eI409VZSqgND+4UNnmzLVdPj9FqFJNPqBZFve4w==
  dependencies:
    glob "^7.1.3"

sander@^0.5.0:
  version "0.5.1"
  resolved "https://registry.yarnpkg.com/sander/-/sander-0.5.1.tgz#741e245e231f07cafb6fdf0f133adfa216a502ad"
  integrity sha1-dB4kXiMfB8r7b98PEzrfohalAq0=
  dependencies:
    es6-promise "^3.1.2"
    graceful-fs "^4.1.3"
    mkdirp "^0.5.1"
    rimraf "^2.5.2"

sorcery@^0.10.0:
  version "0.10.0"
  resolved "https://registry.yarnpkg.com/sorcery/-/sorcery-0.10.0.tgz#8ae90ad7d7cb05fc59f1ab0c637845d5c15a52b7"
  integrity sha1-iukK19fLBfxZ8asMY3hF1cFaUrc=
  dependencies:
    buffer-crc32 "^0.2.5"
    minimist "^1.2.0"
    sander "^0.5.0"
    sourcemap-codec "^1.3.0"

sourcemap-codec@^1.3.0, sourcemap-codec@^1.4.4:
  version "1.4.8"
  resolved "https://registry.yarnpkg.com/sourcemap-codec/-/sourcemap-codec-1.4.8.tgz#ea804bd94857402e6992d05a38ef1ae35a9ab4c4"
  integrity sha512-9NykojV5Uih4lgo5So5dtw+f0JgJX30KCNI8gwhz2J9A15wD0Ml6tjHKwf6fTSa6fAdVBdZeNOs9eJ71qCk8vA==

strip-indent@^3.0.0:
  version "3.0.0"
  resolved "https://registry.yarnpkg.com/strip-indent/-/strip-indent-3.0.0.tgz#c32e1cee940b6b3432c771bc2c54bcce73cd3001"
  integrity sha512-laJTa3Jb+VQpaC6DseHhF7dXVqHTfJPCRDaEbid/drOhgitgYku/letMUqOXFoWV0zIIUbjpdH2t+tYj4bQMRQ==
  dependencies:
    min-indent "^1.0.0"

svelte-preprocess@^4.10.2:
  version "4.10.2"
  resolved "https://registry.yarnpkg.com/svelte-preprocess/-/svelte-preprocess-4.10.2.tgz#2405689e57161916947b8360679051a56eddd5c6"
  integrity sha512-aPpkCreSo8EL/y8kJSa1trhiX0oyAtTjlNNM7BNjRAsMJ8Yy2LtqHt0zyd4pQPXt+D4PzbO3qTjjio3kwOxDlA==
  dependencies:
    "@types/pug" "^2.0.4"
    "@types/sass" "^1.16.0"
    detect-indent "^6.0.0"
    magic-string "^0.25.7"
    sorcery "^0.10.0"
    strip-indent "^3.0.0"

svelte@^3.46.2:
  version "3.46.3"
  resolved "https://registry.yarnpkg.com/svelte/-/svelte-3.46.3.tgz#31202b0c795f276726d95b648b6dd413116257ac"
  integrity sha512-mTOXvv74CVQqJHqoIZDprVfRKVVmYNadXP0VKnOEA54223kLGCr1nMrifS4Zx29qMt/xRB38Eq1D7dDH/fM8fQ==

typescript@^4.5.5:
  version "4.5.5"
  resolved "https://registry.yarnpkg.com/typescript/-/typescript-4.5.5.tgz#d8c953832d28924a9e3d37c73d729c846c5896f3"
  integrity sha512-TCTIul70LyWe6IJWT8QSYeA54WQe8EjQFU4wY52Fasj5UKx88LNYKCgBEHcOMOrFF1rKGbD8v/xcNWVUq9SymA==

wrappy@1:
  version "1.0.2"
  resolved "https://registry.yarnpkg.com/wrappy/-/wrappy-1.0.2.tgz#b5243d8f3ec1aa35f1364605bc0d1036e30ab69f"
  integrity sha1-tSQ9jz7BqjXxNkYFvA0QNuMKtp8=
